# This file is automatically @generated by Cargo.
# It is not intended for manual editing.
version = 4

[[package]]
name = "slopdesk-gfsimd"
version = "0.1.0"

[[package]]
name = "slopdesk-video"
version = "0.1.0"
dependencies = [
 "slopdesk-gfsimd",
]

[[package]]
name = "slopdesk-videolink"
version = "0.1.0"
dependencies = [
 "slopdesk-video",
]
