# This file is automatically @generated by Cargo.
# It is not intended for manual editing.
version = 4

[[package]]
name = "bitflags"
version = "2.13.1"
source = "registry+https://github.com/rust-lang/crates.io-index"
checksum = "b588b76d00fde79687d7646a9b5bdf3cc0f655e0bbd080335a95d7e96f3587da"

[[package]]
name = "dispatch2"
version = "0.3.1"
source = "registry+https://github.com/rust-lang/crates.io-index"
checksum = "1e0e367e4e7da84520dedcac1901e4da967309406d1e51017ae1abfb97adbd38"
dependencies = [
 "bitflags",
]

[[package]]
name = "objc2-core-foundation"
version = "0.3.2"
source = "registry+https://github.com/rust-lang/crates.io-index"
checksum = "2a180dd8642fa45cdb7dd721cd4c11b1cadd4929ce112ebd8b9f5803cc79d536"
dependencies = [
 "bitflags",
]

[[package]]
name = "objc2-core-services"
version = "0.3.2"
source = "registry+https://github.com/rust-lang/crates.io-index"
checksum = "583300ad934cba24ff5292aee751ecc070f7ca6b39a574cc21b7b5e588e06a0b"
dependencies = [
 "dispatch2",
 "objc2-core-foundation",
]

[[package]]
name = "slopdesk-apple-fsevents"
version = "0.1.0"
dependencies = [
 "dispatch2",
 "objc2-core-foundation",
 "objc2-core-services",
]
