# This file is automatically @generated by Cargo.
# It is not intended for manual editing.
version = 4

[[package]]
name = "base64"
version = "0.23.1"
source = "registry+https://github.com/rust-lang/crates.io-index"
checksum = "ac07cdecf99051d9a5238b80f35af32cdeba5b336e55d957b318b50137e18da5"

[[package]]
name = "libc"
version = "0.2.189"
source = "registry+https://github.com/rust-lang/crates.io-index"
checksum = "3eaf3ede3fee6db1a4c2ee091bf8a8b4dccdc6d17f656fb07896ee72867612f2"

[[package]]
name = "slopdesk-altscreen"
version = "0.1.0"
dependencies = [
 "slopdesk-sanitize",
]

[[package]]
name = "slopdesk-clientnet"
version = "0.1.0"
dependencies = [
 "slopdesk-muxnet",
 "slopdesk-wire",
]

[[package]]
name = "slopdesk-ids"
version = "0.1.0"

[[package]]
name = "slopdesk-muxnet"
version = "0.1.0"
dependencies = [
 "slopdesk-wire",
 "socket2",
]

[[package]]
name = "slopdesk-sanitize"
version = "0.1.0"

[[package]]
name = "slopdesk-tree"
version = "0.1.0"
dependencies = [
 "slopdesk-ids",
]

[[package]]
name = "slopdesk-wire"
version = "0.1.0"
dependencies = [
 "base64",
 "slopdesk-altscreen",
 "slopdesk-ids",
 "slopdesk-tree",
]

[[package]]
name = "socket2"
version = "0.6.5"
source = "registry+https://github.com/rust-lang/crates.io-index"
checksum = "c3d1e2c7f27f8d4cb10542a02c49005dbd6e93095799d6f3be745fae9f8fedd4"
dependencies = [
 "libc",
 "windows-sys",
]

[[package]]
name = "windows-link"
version = "0.2.1"
source = "registry+https://github.com/rust-lang/crates.io-index"
checksum = "f0805222e57f7521d6a62e36fa9163bc891acd422f971defe97d64e70d0a4fe5"

[[package]]
name = "windows-sys"
version = "0.61.2"
source = "registry+https://github.com/rust-lang/crates.io-index"
checksum = "ae137229bcbd6cdf0f7b80a31df61766145077ddf49416a728b02cb3921ff3fc"
dependencies = [
 "windows-link",
]
